{
  "lockfile_version": "1",
  "packages": {
    "argocd@latest": {
      "last_modified": "2025-07-28T17:09:23Z",
      "resolved": "github:NixOS/nixpkgs/648f70160c03151bc2121d179291337ad6bc564b#argocd",
      "source": "devbox-search",
      "version": "2.14.11",
      "systems": {
        "aarch64-darwin": {
          "outputs": [
            {
              "name": "out",
              "path": "/nix/store/zbk9zpj83scbs6jrmvcb288sjwkldyar-argocd-2.14.11",
              "default": true
            }
          ],
          "store_path": "/nix/store/zbk9zpj83scbs6jrmvcb288sjwkldyar-argocd-2.14.11"
        },
        "aarch64-linux": {
          "outputs": [
            {
              "name": "out",
              "path": "/nix/store/39h2mgr26x981dm0r554pfs1zc3xn52j-argocd-2.14.11",
              "default": true
            }
          ],
          "store_path": "/nix/store/39h2mgr26x981dm0r554pfs1zc3xn52j-argocd-2.14.11"
        },
        "x86_64-darwin": {
          "outputs": [
            {
              "name": "out",
              "path": "/nix/store/y1v89wy5fxll90bx8fvsixmixb1ixw76-argocd-2.14.11",
              "default": true
            }
          ],
          "store_path": "/nix/store/y1v89wy5fxll90bx8fvsixmixb1ixw76-argocd-2.14.11"
        },
        "x86_64-linux": {
          "outputs": [
            {
              "name": "out",
              "path": "/nix/store/n16amhhidqmdp80bym5wfygrxf4wjw9x-argocd-2.14.11",
              "default": true
            }
          ],
          "store_path": "/nix/store/n16amhhidqmdp80bym5wfygrxf4wjw9x-argocd-2.14.11"
        }
      }
    },
    "gh@latest": {
      "last_modified": "2025-08-01T06:30:45Z",
      "resolved": "github:NixOS/nixpkgs/a7822a17050fedda63794775b9090880c8214290#gh",
      "source": "devbox-search",
      "version": "2.76.2",
      "systems": {
        "aarch64-darwin": {
          "outputs": [
            {
              "name": "out",
              "path": "/nix/store/03sfs0afrm8j3gwrdnj324zw7yg959bd-gh-2.76.2",
              "default": true
            }
          ],
          "store_path": "/nix/store/03sfs0afrm8j3gwrdnj324zw7yg959bd-gh-2.76.2"
        },
        "aarch64-linux": {
          "outputs": [
            {
              "name": "out",
              "path": "/nix/store/pc1gkqbg0di68fpxqg5dxz0dvdvldf1a-gh-2.76.2",
              "default": true
            }
          ],
          "store_path": "/nix/store/pc1gkqbg0di68fpxqg5dxz0dvdvldf1a-gh-2.76.2"
        },
        "x86_64-darwin": {
          "outputs": [
            {
              "name": "out",
              "path": "/nix/store/6sxip9nc0v8hsdyzjdhmj1qsxr3m4p6i-gh-2.76.2",
              "default": true
            }
          ],
          "store_path": "/nix/store/6sxip9nc0v8hsdyzjdhmj1qsxr3m4p6i-gh-2.76.2"
        },
        "x86_64-linux": {
          "outputs": [
            {
              "name": "out",
              "path": "/nix/store/72ihgykz0r9a5s3iqzrcm9x2rnp3sjap-gh-2.76.2",
              "default": true
            }
          ],
          "store_path": "/nix/store/72ihgykz0r9a5s3iqzrcm9x2rnp3sjap-gh-2.76.2"
        }
      }
    },
    "github:NixOS/nixpkgs/nixpkgs-unstable": {
      "last_modified": "2025-08-15T14:26:43Z",
      "resolved": "github:NixOS/nixpkgs/32f313e49e42f715491e1ea7b306a87c16fe0388?lastModified=1755268003&narHash=sha256-nNaeJjo861wFR0tjHDyCnHs1rbRtrMgxAKMoig9Sj%2Fw%3D"
    },
    "kubectl@latest": {
      "last_modified": "2025-07-28T17:09:23Z",
      "resolved": "github:NixOS/nixpkgs/648f70160c03151bc2121d179291337ad6bc564b#kubectl",
      "source": "devbox-search",
      "version": "1.33.3",
      "systems": {
        "aarch64-darwin": {
          "outputs": [
            {
              "name": "out",
              "path": "/nix/store/k5hj0mxpv84w7xzx2z4wc06r4hg1ccwj-kubectl-1.33.3",
              "default": true
            },
            {
              "name": "man",
              "path": "/nix/store/2mckzmqkc5y3bh66sx2ij6sy2l1yy5s3-kubectl-1.33.3-man",
              "default": true
            },
            {
              "name": "convert",
              "path": "/nix/store/x225vv21kfp2pgi3hxac4cpz60qlh6nv-kubectl-1.33.3-convert"
            }
          ],
          "store_path": "/nix/store/k5hj0mxpv84w7xzx2z4wc06r4hg1ccwj-kubectl-1.33.3"
        },
        "aarch64-linux": {
          "outputs": [
            {
              "name": "out",
              "path": "/nix/store/cclissn11ab1rw49qybz8q31631n3m9x-kubectl-1.33.3",
              "default": true
            },
            {
              "name": "man",
              "path": "/nix/store/5npib1jfzm5mnv2ri6lv3z1l2pxhp8lr-kubectl-1.33.3-man",
              "default": true
            },
            {
              "name": "convert",
              "path": "/nix/store/1ahkazwv31h3irkxpzazg20kpn3kngbz-kubectl-1.33.3-convert"
            }
          ],
          "store_path": "/nix/store/cclissn11ab1rw49qybz8q31631n3m9x-kubectl-1.33.3"
        },
        "x86_64-darwin": {
          "outputs": [
            {
              "name": "out",
              "path": "/nix/store/qhvbci1vbd66884yza8d8sr3xn08v5ar-kubectl-1.33.3",
              "default": true
            },
            {
              "name": "man",
              "path": "/nix/store/9r8lxjhv229w8c2gf0kbwsfjl9jcv6y2-kubectl-1.33.3-man",
              "default": true
            },
            {
              "name": "convert",
              "path": "/nix/store/x74dqs19xz986l140bjn15awxf62dkys-kubectl-1.33.3-convert"
            }
          ],
          "store_path": "/nix/store/qhvbci1vbd66884yza8d8sr3xn08v5ar-kubectl-1.33.3"
        },
        "x86_64-linux": {
          "outputs": [
            {
              "name": "out",
              "path": "/nix/store/vpx0zzs0hazp7k9byys204jl805ksa2y-kubectl-1.33.3",
              "default": true
            },
            {
              "name": "man",
              "path": "/nix/store/w38d510ixf5ijs8z4j6c2yiinqk8ddx8-kubectl-1.33.3-man",
              "default": true
            },
            {
              "name": "convert",
              "path": "/nix/store/sj77h1x39z09mmq6rv1cjmpj6gg9gylf-kubectl-1.33.3-convert"
            }
          ],
          "store_path": "/nix/store/vpx0zzs0hazp7k9byys204jl805ksa2y-kubectl-1.33.3"
        }
      }
    },
    "oh-my-zsh@latest": {
      "last_modified": "2025-08-11T07:05:29Z",
      "resolved": "github:NixOS/nixpkgs/9585e9192aadc13ec3e49f33f8333bd3cda524df#oh-my-zsh",
      "source": "devbox-search",
      "version": "2025-08-08",
      "systems": {
        "aarch64-darwin": {
          "outputs": [
            {
              "name": "out",
              "path": "/nix/store/f2r09hy8wgidd7qsfxxbzfymy2zj71rl-oh-my-zsh-2025-08-08",
              "default": true
            }
          ],
          "store_path": "/nix/store/f2r09hy8wgidd7qsfxxbzfymy2zj71rl-oh-my-zsh-2025-08-08"
        },
        "aarch64-linux": {
          "outputs": [
            {
              "name": "out",
              "path": "/nix/store/q1lnra10r7ggwkwrx2y0vi8pmm1xfpkg-oh-my-zsh-2025-08-08",
              "default": true
            }
          ],
          "store_path": "/nix/store/q1lnra10r7ggwkwrx2y0vi8pmm1xfpkg-oh-my-zsh-2025-08-08"
        },
        "x86_64-darwin": {
          "outputs": [
            {
              "name": "out",
              "path": "/nix/store/8k0x8lzh82j96gp4higvg9ckr8shsrwr-oh-my-zsh-2025-08-08",
              "default": true
            }
          ],
          "store_path": "/nix/store/8k0x8lzh82j96gp4higvg9ckr8shsrwr-oh-my-zsh-2025-08-08"
        },
        "x86_64-linux": {
          "outputs": [
            {
              "name": "out",
              "path": "/nix/store/13iyabln8sp9rqpax6kxdq2mq11xcw5y-oh-my-zsh-2025-08-08",
              "default": true
            }
          ],
          "store_path": "/nix/store/13iyabln8sp9rqpax6kxdq2mq11xcw5y-oh-my-zsh-2025-08-08"
        }
      }
    },
    "uv@latest": {
      "last_modified": "2025-07-28T17:09:23Z",
      "resolved": "github:NixOS/nixpkgs/648f70160c03151bc2121d179291337ad6bc564b#uv",
      "source": "devbox-search",
      "version": "0.8.2",
      "systems": {
        "aarch64-darwin": {
          "outputs": [
            {
              "name": "out",
              "path": "/nix/store/db9y1b002zlnyjgpsnbl9hvlwsiqajl4-uv-0.8.2",
              "default": true
            }
          ],
          "store_path": "/nix/store/db9y1b002zlnyjgpsnbl9hvlwsiqajl4-uv-0.8.2"
        },
        "aarch64-linux": {
          "outputs": [
            {
              "name": "out",
              "path": "/nix/store/bdps6h2gn2rysavc3cq2slqnjlsyyk03-uv-0.8.2",
              "default": true
            }
          ],
          "store_path": "/nix/store/bdps6h2gn2rysavc3cq2slqnjlsyyk03-uv-0.8.2"
        },
        "x86_64-darwin": {
          "outputs": [
            {
              "name": "out",
              "path": "/nix/store/91g6383zq1wbiik2an7g6yfrj294c19v-uv-0.8.2",
              "default": true
            }
          ],
          "store_path": "/nix/store/91g6383zq1wbiik2an7g6yfrj294c19v-uv-0.8.2"
        },
        "x86_64-linux": {
          "outputs": [
            {
              "name": "out",
              "path": "/nix/store/swq8qrr7n5gkc1b4940q62a3ll52prgl-uv-0.8.2",
              "default": true
            }
          ],
          "store_path": "/nix/store/swq8qrr7n5gkc1b4940q62a3ll52prgl-uv-0.8.2"
        }
      }
    },
    "zsh@latest": {
      "last_modified": "2025-08-12T09:17:37Z",
      "resolved": "github:NixOS/nixpkgs/372d9eeeafa5b15913201e2b92e8e539ac7c64d1#zsh",
      "source": "devbox-search",
      "version": "5.9",
      "systems": {
        "aarch64-darwin": {
          "outputs": [
            {
              "name": "out",
              "path": "/nix/store/5sczd2lalpwsfppk8kyygh0arfkv9zz0-zsh-5.9",
              "default": true
            },
            {
              "name": "man",
              "path": "/nix/store/cc56lx1lhfdddnbzlmyqpx31n0wn6mda-zsh-5.9-man",
              "default": true
            },
            {
              "name": "doc",
              "path": "/nix/store/qcsdlahj6gsaxik5df5b1s2mnr3akgww-zsh-5.9-doc"
            },
            {
              "name": "info",
              "path": "/nix/store/9yg5b48jsw7ya2j03wkk6das1nfkfx01-zsh-5.9-info"
            }
          ],
          "store_path": "/nix/store/5sczd2lalpwsfppk8kyygh0arfkv9zz0-zsh-5.9"
        },
        "aarch64-linux": {
          "outputs": [
            {
              "name": "out",
              "path": "/nix/store/5rhyxvk6ics6yg4rbjfgbmakj4nzdw11-zsh-5.9",
              "default": true
            },
            {
              "name": "man",
              "path": "/nix/store/ribs870a4cayaxanhrbvi4xz1km9k5hk-zsh-5.9-man",
              "default": true
            },
            {
              "name": "info",
              "path": "/nix/store/hb6z8zq1wnh292rj8lc2f6grmrzx2a5n-zsh-5.9-info"
            },
            {
              "name": "doc",
              "path": "/nix/store/sris78x65i0d31yfzd514g6s06671wxk-zsh-5.9-doc"
            }
          ],
          "store_path": "/nix/store/5rhyxvk6ics6yg4rbjfgbmakj4nzdw11-zsh-5.9"
        },
        "x86_64-darwin": {
          "outputs": [
            {
              "name": "out",
              "path": "/nix/store/yzfk7267rk793zax7bh3905pzfw6p64f-zsh-5.9",
              "default": true
            },
            {
              "name": "man",
              "path": "/nix/store/28hs73ck5zvdd47dg0911p4hh4sh43ww-zsh-5.9-man",
              "default": true
            },
            {
              "name": "doc",
              "path": "/nix/store/0ixgkp3dfxqfvgny1h8a1fqjigc98g5r-zsh-5.9-doc"
            },
            {
              "name": "info",
              "path": "/nix/store/180g4fhnz7qs95dl6h79zrnpc5lm70qf-zsh-5.9-info"
            }
          ],
          "store_path": "/nix/store/yzfk7267rk793zax7bh3905pzfw6p64f-zsh-5.9"
        },
        "x86_64-linux": {
          "outputs": [
            {
              "name": "out",
              "path": "/nix/store/6lrbkxnpym1z8lqrrpg59bwnddxfdc52-zsh-5.9",
              "default": true
            },
            {
              "name": "man",
              "path": "/nix/store/h76f76gwpqk9bc3v5165sp9024wd2qbx-zsh-5.9-man",
              "default": true
            },
            {
              "name": "doc",
              "path": "/nix/store/52f1c62b5c0wmsnnvpq2ax63x0png951-zsh-5.9-doc"
            },
            {
              "name": "info",
              "path": "/nix/store/zjqlq2rr2csi62zlr59w3nxhxw5km7y0-zsh-5.9-info"
            }
          ],
          "store_path": "/nix/store/6lrbkxnpym1z8lqrrpg59bwnddxfdc52-zsh-5.9"
        }
      }
    }
  }
}
